
Microsoft Visual Studio Solution File, Format Version 12.00
# Visual Studio Version 17
VisualStudioVersion = 17.9.34701.34
MinimumVisualStudioVersion = 10.0.40219.1
Project("{FAE04EC0-301F-11D3-BF4B-00C04F79EFBC}") = "Sortowania", "Sortowania\Sortowania.csproj", "{7E4AB04B-985E-4972-8BD6-7E7E0C97345B}"
EndProject
Global
	GlobalSection(SolutionConfigurationPlatforms) = preSolution
		Debug|Any CPU = Debug|Any CPU
		Release|Any CPU = Release|Any CPU
	EndGlobalSection
	GlobalSection(ProjectConfigurationPlatforms) = postSolution
		{7E4AB04B-985E-4972-8BD6-7E7E0C97345B}.Debug|Any CPU.ActiveCfg = Debug|Any CPU
		{7E4AB04B-985E-4972-8BD6-7E7E0C97345B}.Debug|Any CPU.Build.0 = Debug|Any CPU
		{7E4AB04B-985E-4972-8BD6-7E7E0C97345B}.Release|Any CPU.ActiveCfg = Release|Any CPU
		{7E4AB04B-985E-4972-8BD6-7E7E0C97345B}.Release|Any CPU.Build.0 = Release|Any CPU
	EndGlobalSection
	GlobalSection(SolutionProperties) = preSolution
		HideSolutionNode = FALSE
	EndGlobalSection
	GlobalSection(ExtensibilityGlobals) = postSolution
		SolutionGuid = {CFF7C9F4-C59C-4D2E-9BBC-33A2A03DC0C3}
	EndGlobalSection
EndGlobal
